
Microsoft Visual Studio Solution File, Format Version 12.00
# Visual Studio Version 16
VisualStudioVersion = 16.0.31702.278
MinimumVisualStudioVersion = 10.0.40219.1
Project("{FAE04EC0-301F-11D3-BF4B-00C04F79EFBC}") = "SR6", "SR6\SR6.csproj", "{3CBA5326-3915-493E-A08E-08A368289964}"
EndProject
Global
	GlobalSection(SolutionConfigurationPlatforms) = preSolution
		Debug|Any CPU = Debug|Any CPU
		Release|Any CPU = Release|Any CPU
	EndGlobalSection
	GlobalSection(ProjectConfigurationPlatforms) = postSolution
		{3CBA5326-3915-493E-A08E-08A368289964}.Debug|Any CPU.ActiveCfg = Debug|Any CPU
		{3CBA5326-3915-493E-A08E-08A368289964}.Debug|Any CPU.Build.0 = Debug|Any CPU
		{3CBA5326-3915-493E-A08E-08A368289964}.Release|Any CPU.ActiveCfg = Release|Any CPU
		{3CBA5326-3915-493E-A08E-08A368289964}.Release|Any CPU.Build.0 = Release|Any CPU
	EndGlobalSection
	GlobalSection(SolutionProperties) = preSolution
		HideSolutionNode = FALSE
	EndGlobalSection
	GlobalSection(ExtensibilityGlobals) = postSolution
		SolutionGuid = {45C20F6F-381F-4A22-ACA8-62E28DF98F6C}
	EndGlobalSection
EndGlobal
